// !$*UTF8*$!
{
	archiveVersion = 1;
	classes = {
	};
	objectVersion = 51;
	objects = {

/* Begin PBXBuildFile section */
		19F1B31F93C1270470E0F05A /* Pods_WaxNav.framework in Frameworks */ = {isa = PBXBuildFile; fileRef = 1BD4797B32F05468E7533E59 /* Pods_WaxNav.framework */; };
		340EC60D2443CE44000CF42A /* GlobalConstants.swift in Sources */ = {isa = PBXBuildFile; fileRef = 340EC60C2443CE44000CF42A /* GlobalConstants.swift */; };
		34132AEE24145D0400B4C798 /* WaxNavSettingsViewController.swift in Sources */ = {isa = PBXBuildFile; fileRef = 34132AED24145D0400B4C798 /* WaxNavSettingsViewController.swift */; };
		34136DC323F8B1E40086F165 /* waxnav.db in Resources */ = {isa = PBXBuildFile; fileRef = 34136DBA23F8B1E40086F165 /* waxnav.db */; };
		3474F0BD2443776D00E49F2D /* WaxNavSortViewController.swift in Sources */ = {isa = PBXBuildFile; fileRef = 3474F0BC2443776D00E49F2D /* WaxNavSortViewController.swift */; };
		34B2DBAF250161D30095CFA2 /* Main.storyboard in Resources */ = {isa = PBXBuildFile; fileRef = 34B2DBAD250161D30095CFA2 /* Main.storyboard */; };
		34B2DBB1250161E50095CFA2 /* LaunchScreen.storyboard in Resources */ = {isa = PBXBuildFile; fileRef = 34B2DBB0250161E50095CFA2 /* LaunchScreen.storyboard */; };
		34CB4B9623EF097D00C37DCA /* AppDelegate.swift in Sources */ = {isa = PBXBuildFile; fileRef = 34CB4B9523EF097D00C37DCA /* AppDelegate.swift */; };
		34CB4B9F23EF097F00C37DCA /* Assets.xcassets in Resources */ = {isa = PBXBuildFile; fileRef = 34CB4B9E23EF097F00C37DCA /* Assets.xcassets */; };
		34DC4797242E4FB000EA96C7 /* WaxNavHelp.swift in Sources */ = {isa = PBXBuildFile; fileRef = 34DC4796242E4FB000EA96C7 /* WaxNavHelp.swift */; };
		34F30A7A23EF661300A1AD2B /* WaxNavViewController.swift in Sources */ = {isa = PBXBuildFile; fileRef = 34F30A7923EF661300A1AD2B /* WaxNavViewController.swift */; };
		34F30ABA23EF6FE800A1AD2B /* WaxUtilities.framework in Frameworks */ = {isa = PBXBuildFile; fileRef = 34F30AB823EF6F3700A1AD2B /* WaxUtilities.framework */; };
		34F30ABB23EF6FE800A1AD2B /* WaxUtilities.framework in Embed Frameworks */ = {isa = PBXBuildFile; fileRef = 34F30AB823EF6F3700A1AD2B /* WaxUtilities.framework */; settings = {ATTRIBUTES = (CodeSignOnCopy, RemoveHeadersOnCopy, ); }; };
		34F30ABE23EF7BB700A1AD2B /* Model.swift in Sources */ = {isa = PBXBuildFile; fileRef = 34F30ABD23EF7BB700A1AD2B /* Model.swift */; };
		34FCB1F123FEC7900040C9CC /* GIS.swift in Sources */ = {isa = PBXBuildFile; fileRef = 34FCB1F023FEC7900040C9CC /* GIS.swift */; };
/* End PBXBuildFile section */

/* Begin PBXContainerItemProxy section */
		34F30AB723EF6F3700A1AD2B /* PBXContainerItemProxy */ = {
			isa = PBXContainerItemProxy;
			containerPortal = 34F30AB323EF6F3700A1AD2B /* WaxUtilities.xcodeproj */;
			proxyType = 2;
			remoteGlobalIDString = 3427027423EC6D8E00364B8E;
			remoteInfo = WaxUtilities;
		};
/* End PBXContainerItemProxy section */

/* Begin PBXCopyFilesBuildPhase section */
		34F30ABC23EF6FE800A1AD2B /* Embed Frameworks */ = {
			isa = PBXCopyFilesBuildPhase;
			buildActionMask = 2147483647;
			dstPath = "";
			dstSubfolderSpec = 10;
			files = (
				34F30ABB23EF6FE800A1AD2B /* WaxUtilities.framework in Embed Frameworks */,
			);
			name = "Embed Frameworks";
			runOnlyForDeploymentPostprocessing = 0;
		};
/* End PBXCopyFilesBuildPhase section */

/* Begin PBXFileReference section */
		1BD4797B32F05468E7533E59 /* Pods_WaxNav.framework */ = {isa = PBXFileReference; explicitFileType = wrapper.framework; includeInIndex = 0; path = Pods_WaxNav.framework; sourceTree = BUILT_PRODUCTS_DIR; };
		340EC60C2443CE44000CF42A /* GlobalConstants.swift */ = {isa = PBXFileReference; lastKnownFileType = sourcecode.swift; path = GlobalConstants.swift; sourceTree = "<group>"; };
		34132AED24145D0400B4C798 /* WaxNavSettingsViewController.swift */ = {isa = PBXFileReference; lastKnownFileType = sourcecode.swift; path = WaxNavSettingsViewController.swift; sourceTree = "<group>"; };
		34136DBA23F8B1E40086F165 /* waxnav.db */ = {isa = PBXFileReference; lastKnownFileType = file; path = waxnav.db; sourceTree = "<group>"; };
		3474F0BC2443776D00E49F2D /* WaxNavSortViewController.swift */ = {isa = PBXFileReference; lastKnownFileType = sourcecode.swift; path = WaxNavSortViewController.swift; sourceTree = "<group>"; };
		34B2DBAD250161D30095CFA2 /* Main.storyboard */ = {isa = PBXFileReference; fileEncoding = 4; lastKnownFileType = file.storyboard; path = Main.storyboard; sourceTree = "<group>"; };
		34B2DBB0250161E50095CFA2 /* LaunchScreen.storyboard */ = {isa = PBXFileReference; fileEncoding = 4; lastKnownFileType = file.storyboard; path = LaunchScreen.storyboard; sourceTree = "<group>"; };
		34CB4B9223EF097D00C37DCA /* Where2Look.app */ = {isa = PBXFileReference; explicitFileType = wrapper.application; includeInIndex = 0; path = Where2Look.app; sourceTree = BUILT_PRODUCTS_DIR; };
		34CB4B9523EF097D00C37DCA /* AppDelegate.swift */ = {isa = PBXFileReference; lastKnownFileType = sourcecode.swift; path = AppDelegate.swift; sourceTree = "<group>"; };
		34CB4B9E23EF097F00C37DCA /* Assets.xcassets */ = {isa = PBXFileReference; lastKnownFileType = folder.assetcatalog; path = Assets.xcassets; sourceTree = "<group>"; };
		34CB4BA323EF097F00C37DCA /* Info.plist */ = {isa = PBXFileReference; lastKnownFileType = text.plist.xml; path = Info.plist; sourceTree = "<group>"; };
		34DC4796242E4FB000EA96C7 /* WaxNavHelp.swift */ = {isa = PBXFileReference; lastKnownFileType = sourcecode.swift; path = WaxNavHelp.swift; sourceTree = "<group>"; };
		34F30A7923EF661300A1AD2B /* WaxNavViewController.swift */ = {isa = PBXFileReference; lastKnownFileType = sourcecode.swift; path = WaxNavViewController.swift; sourceTree = "<group>"; };
		34F30AB323EF6F3700A1AD2B /* WaxUtilities.xcodeproj */ = {isa = PBXFileReference; lastKnownFileType = "wrapper.pb-project"; name = WaxUtilities.xcodeproj; path = ../../../WaxCommonMethodsFramework/WaxUtilities/WaxUtilities.xcodeproj; sourceTree = "<group>"; };
		34F30ABD23EF7BB700A1AD2B /* Model.swift */ = {isa = PBXFileReference; lastKnownFileType = sourcecode.swift; path = Model.swift; sourceTree = "<group>"; };
		34FCB1F023FEC7900040C9CC /* GIS.swift */ = {isa = PBXFileReference; lastKnownFileType = sourcecode.swift; path = GIS.swift; sourceTree = "<group>"; };
		5CBEDB22BBA2D2B79C2A919D /* Pods_WaxNav_WaxNavUITests.framework */ = {isa = PBXFileReference; explicitFileType = wrapper.framework; includeInIndex = 0; path = Pods_WaxNav_WaxNavUITests.framework; sourceTree = BUILT_PRODUCTS_DIR; };
		89A9523114F8A457420B0096 /* Pods-WaxNav.release.xcconfig */ = {isa = PBXFileReference; includeInIndex = 1; lastKnownFileType = text.xcconfig; name = "Pods-WaxNav.release.xcconfig"; path = "Target Support Files/Pods-WaxNav/Pods-WaxNav.release.xcconfig"; sourceTree = "<group>"; };
		95AD9DA6BDD51DDB2AF61035 /* Pods-WaxNav-WaxNavUITests.release.xcconfig */ = {isa = PBXFileReference; includeInIndex = 1; lastKnownFileType = text.xcconfig; name = "Pods-WaxNav-WaxNavUITests.release.xcconfig"; path = "Target Support Files/Pods-WaxNav-WaxNavUITests/Pods-WaxNav-WaxNavUITests.release.xcconfig"; sourceTree = "<group>"; };
		9E64CE0D5AAC880E24420C25 /* Pods-WaxNav.debug.xcconfig */ = {isa = PBXFileReference; includeInIndex = 1; lastKnownFileType = text.xcconfig; name = "Pods-WaxNav.debug.xcconfig"; path = "Target Support Files/Pods-WaxNav/Pods-WaxNav.debug.xcconfig"; sourceTree = "<group>"; };
		A85037D297D59A30B5D48933 /* Pods-WaxNav-WaxNavUITests.debug.xcconfig */ = {isa = PBXFileReference; includeInIndex = 1; lastKnownFileType = text.xcconfig; name = "Pods-WaxNav-WaxNavUITests.debug.xcconfig"; path = "Target Support Files/Pods-WaxNav-WaxNavUITests/Pods-WaxNav-WaxNavUITests.debug.xcconfig"; sourceTree = "<group>"; };
/* End PBXFileReference section */

/* Begin PBXFrameworksBuildPhase section */
		34CB4B8F23EF097D00C37DCA /* Frameworks */ = {
			isa = PBXFrameworksBuildPhase;
			buildActionMask = 2147483647;
			files = (
				34F30ABA23EF6FE800A1AD2B /* WaxUtilities.framework in Frameworks */,
				19F1B31F93C1270470E0F05A /* Pods_WaxNav.framework in Frameworks */,
			);
			runOnlyForDeploymentPostprocessing = 0;
		};
/* End PBXFrameworksBuildPhase section */

/* Begin PBXGroup section */
		21D08129D8A8270B0CEB878A /* Pods */ = {
			isa = PBXGroup;
			children = (
				9E64CE0D5AAC880E24420C25 /* Pods-WaxNav.debug.xcconfig */,
				89A9523114F8A457420B0096 /* Pods-WaxNav.release.xcconfig */,
				A85037D297D59A30B5D48933 /* Pods-WaxNav-WaxNavUITests.debug.xcconfig */,
				95AD9DA6BDD51DDB2AF61035 /* Pods-WaxNav-WaxNavUITests.release.xcconfig */,
			);
			path = Pods;
			sourceTree = "<group>";
		};
		34CB4B8923EF097D00C37DCA = {
			isa = PBXGroup;
			children = (
				34CB4B9423EF097D00C37DCA /* WaxNav */,
				34CB4B9323EF097D00C37DCA /* Products */,
				34F30AB923EF6FE800A1AD2B /* Frameworks */,
				21D08129D8A8270B0CEB878A /* Pods */,
			);
			sourceTree = "<group>";
		};
		34CB4B9323EF097D00C37DCA /* Products */ = {
			isa = PBXGroup;
			children = (
				34CB4B9223EF097D00C37DCA /* Where2Look.app */,
			);
			name = Products;
			sourceTree = "<group>";
		};
		34CB4B9423EF097D00C37DCA /* WaxNav */ = {
			isa = PBXGroup;
			children = (
				34B2DBB0250161E50095CFA2 /* LaunchScreen.storyboard */,
				34B2DBAD250161D30095CFA2 /* Main.storyboard */,
				34136DBA23F8B1E40086F165 /* waxnav.db */,
				34F30AB323EF6F3700A1AD2B /* WaxUtilities.xcodeproj */,
				34CB4B9523EF097D00C37DCA /* AppDelegate.swift */,
				34CB4B9E23EF097F00C37DCA /* Assets.xcassets */,
				34CB4BA323EF097F00C37DCA /* Info.plist */,
				34FCB1F023FEC7900040C9CC /* GIS.swift */,
				34F30A7923EF661300A1AD2B /* WaxNavViewController.swift */,
				34132AED24145D0400B4C798 /* WaxNavSettingsViewController.swift */,
				34DC4796242E4FB000EA96C7 /* WaxNavHelp.swift */,
				3474F0BC2443776D00E49F2D /* WaxNavSortViewController.swift */,
				34F30ABD23EF7BB700A1AD2B /* Model.swift */,
				340EC60C2443CE44000CF42A /* GlobalConstants.swift */,
			);
			path = WaxNav;
			sourceTree = "<group>";
		};
		34F30AB423EF6F3700A1AD2B /* Products */ = {
			isa = PBXGroup;
			children = (
				34F30AB823EF6F3700A1AD2B /* WaxUtilities.framework */,
			);
			name = Products;
			sourceTree = "<group>";
		};
		34F30AB923EF6FE800A1AD2B /* Frameworks */ = {
			isa = PBXGroup;
			children = (
				1BD4797B32F05468E7533E59 /* Pods_WaxNav.framework */,
				5CBEDB22BBA2D2B79C2A919D /* Pods_WaxNav_WaxNavUITests.framework */,
			);
			name = Frameworks;
			sourceTree = "<group>";
		};
/* End PBXGroup section */

/* Begin PBXNativeTarget section */
		34CB4B9123EF097D00C37DCA /* WaxNav */ = {
			isa = PBXNativeTarget;
			buildConfigurationList = 34CB4BB123EF098000C37DCA /* Build configuration list for PBXNativeTarget "WaxNav" */;
			buildPhases = (
				4854F72CAA86A0A7A56004BD /* [CP] Check Pods Manifest.lock */,
				34CB4B8E23EF097D00C37DCA /* Sources */,
				34CB4B8F23EF097D00C37DCA /* Frameworks */,
				34CB4B9023EF097D00C37DCA /* Resources */,
				34F30ABC23EF6FE800A1AD2B /* Embed Frameworks */,
				04304584B49C59138BC33739 /* [CP] Embed Pods Frameworks */,
			);
			buildRules = (
			);
			dependencies = (
			);
			name = WaxNav;
			productName = WaxNav;
			productReference = 34CB4B9223EF097D00C37DCA /* Where2Look.app */;
			productType = "com.apple.product-type.application";
		};
/* End PBXNativeTarget section */

/* Begin PBXProject section */
		34CB4B8A23EF097D00C37DCA /* Project object */ = {
			isa = PBXProject;
			attributes = {
				LastSwiftUpdateCheck = 1130;
				LastUpgradeCheck = 1130;
				ORGANIZATIONNAME = waxcruz;
				TargetAttributes = {
					34CB4B9123EF097D00C37DCA = {
						CreatedOnToolsVersion = 11.3.1;
					};
				};
			};
			buildConfigurationList = 34CB4B8D23EF097D00C37DCA /* Build configuration list for PBXProject "WaxNav" */;
			compatibilityVersion = "Xcode 9.3";
			developmentRegion = en;
			hasScannedForEncodings = 0;
			knownRegions = (
				en,
				Base,
			);
			mainGroup = 34CB4B8923EF097D00C37DCA;
			productRefGroup = 34CB4B9323EF097D00C37DCA /* Products */;
			projectDirPath = "";
			projectReferences = (
				{
					ProductGroup = 34F30AB423EF6F3700A1AD2B /* Products */;
					ProjectRef = 34F30AB323EF6F3700A1AD2B /* WaxUtilities.xcodeproj */;
				},
			);
			projectRoot = "";
			targets = (
				34CB4B9123EF097D00C37DCA /* WaxNav */,
			);
		};
/* End PBXProject section */

/* Begin PBXReferenceProxy section */
		34F30AB823EF6F3700A1AD2B /* WaxUtilities.framework */ = {
			isa = PBXReferenceProxy;
			fileType = wrapper.framework;
			path = WaxUtilities.framework;
			remoteRef = 34F30AB723EF6F3700A1AD2B /* PBXContainerItemProxy */;
			sourceTree = BUILT_PRODUCTS_DIR;
		};
/* End PBXReferenceProxy section */

/* Begin PBXResourcesBuildPhase section */
		34CB4B9023EF097D00C37DCA /* Resources */ = {
			isa = PBXResourcesBuildPhase;
			buildActionMask = 2147483647;
			files = (
				34B2DBAF250161D30095CFA2 /* Main.storyboard in Resources */,
				34CB4B9F23EF097F00C37DCA /* Assets.xcassets in Resources */,
				34B2DBB1250161E50095CFA2 /* LaunchScreen.storyboard in Resources */,
				34136DC323F8B1E40086F165 /* waxnav.db in Resources */,
			);
			runOnlyForDeploymentPostprocessing = 0;
		};
/* End PBXResourcesBuildPhase section */

/* Begin PBXShellScriptBuildPhase section */
		04304584B49C59138BC33739 /* [CP] Embed Pods Frameworks */ = {
			isa = PBXShellScriptBuildPhase;
			buildActionMask = 2147483647;
			files = (
			);
			inputFileListPaths = (
				"${PODS_ROOT}/Target Support Files/Pods-WaxNav/Pods-WaxNav-frameworks-${CONFIGURATION}-input-files.xcfilelist",
			);
			name = "[CP] Embed Pods Frameworks";
			outputFileListPaths = (
				"${PODS_ROOT}/Target Support Files/Pods-WaxNav/Pods-WaxNav-frameworks-${CONFIGURATION}-output-files.xcfilelist",
			);
			runOnlyForDeploymentPostprocessing = 0;
			shellPath = /bin/sh;
			shellScript = "\"${PODS_ROOT}/Target Support Files/Pods-WaxNav/Pods-WaxNav-frameworks.sh\"\n";
			showEnvVarsInLog = 0;
		};
		4854F72CAA86A0A7A56004BD /* [CP] Check Pods Manifest.lock */ = {
			isa = PBXShellScriptBuildPhase;
			buildActionMask = 2147483647;
			files = (
			);
			inputFileListPaths = (
			);
			inputPaths = (
				"${PODS_PODFILE_DIR_PATH}/Podfile.lock",
				"${PODS_ROOT}/Manifest.lock",
			);
			name = "[CP] Check Pods Manifest.lock";
			outputFileListPaths = (
			);
			outputPaths = (
				"$(DERIVED_FILE_DIR)/Pods-WaxNav-checkManifestLockResult.txt",
			);
			runOnlyForDeploymentPostprocessing = 0;
			shellPath = /bin/sh;
			shellScript = "diff \"${PODS_PODFILE_DIR_PATH}/Podfile.lock\" \"${PODS_ROOT}/Manifest.lock\" > /dev/null\nif [ $? != 0 ] ; then\n    # print error to STDERR\n    echo \"error: The sandbox is not in sync with the Podfile.lock. Run 'pod install' or update your CocoaPods installation.\" >&2\n    exit 1\nfi\n# This output is used by Xcode 'outputs' to avoid re-running this script phase.\necho \"SUCCESS\" > \"${SCRIPT_OUTPUT_FILE_0}\"\n";
			showEnvVarsInLog = 0;
		};
/* End PBXShellScriptBuildPhase section */

/* Begin PBXSourcesBuildPhase section */
		34CB4B8E23EF097D00C37DCA /* Sources */ = {
			isa = PBXSourcesBuildPhase;
			buildActionMask = 2147483647;
			files = (
				34F30ABE23EF7BB700A1AD2B /* Model.swift in Sources */,
				3474F0BD2443776D00E49F2D /* WaxNavSortViewController.swift in Sources */,
				34CB4B9623EF097D00C37DCA /* AppDelegate.swift in Sources */,
				34F30A7A23EF661300A1AD2B /* WaxNavViewController.swift in Sources */,
				34DC4797242E4FB000EA96C7 /* WaxNavHelp.swift in Sources */,
				34132AEE24145D0400B4C798 /* WaxNavSettingsViewController.swift in Sources */,
				340EC60D2443CE44000CF42A /* GlobalConstants.swift in Sources */,
				34FCB1F123FEC7900040C9CC /* GIS.swift in Sources */,
			);
			runOnlyForDeploymentPostprocessing = 0;
		};
/* End PBXSourcesBuildPhase section */

/* Begin XCBuildConfiguration section */
		34CB4BAF23EF098000C37DCA /* Debug */ = {
			isa = XCBuildConfiguration;
			buildSettings = {
				ALWAYS_SEARCH_USER_PATHS = NO;
				CLANG_ANALYZER_NONNULL = YES;
				CLANG_ANALYZER_NUMBER_OBJECT_CONVERSION = YES_AGGRESSIVE;
				CLANG_CXX_LANGUAGE_STANDARD = "gnu++14";
				CLANG_CXX_LIBRARY = "libc++";
				CLANG_ENABLE_MODULES = YES;
				CLANG_ENABLE_OBJC_ARC = YES;
				CLANG_ENABLE_OBJC_WEAK = YES;
				CLANG_WARN_BLOCK_CAPTURE_AUTORELEASING = YES;
				CLANG_WARN_BOOL_CONVERSION = YES;
				CLANG_WARN_COMMA = YES;
				CLANG_WARN_CONSTANT_CONVERSION = YES;
				CLANG_WARN_DEPRECATED_OBJC_IMPLEMENTATIONS = YES;
				CLANG_WARN_DIRECT_OBJC_ISA_USAGE = YES_ERROR;
				CLANG_WARN_DOCUMENTATION_COMMENTS = YES;
				CLANG_WARN_EMPTY_BODY = YES;
				CLANG_WARN_ENUM_CONVERSION = YES;
				CLANG_WARN_INFINITE_RECURSION = YES;
				CLANG_WARN_INT_CONVERSION = YES;
				CLANG_WARN_NON_LITERAL_NULL_CONVERSION = YES;
				CLANG_WARN_OBJC_IMPLICIT_RETAIN_SELF = YES;
				CLANG_WARN_OBJC_LITERAL_CONVERSION = YES;
				CLANG_WARN_OBJC_ROOT_CLASS = YES_ERROR;
				CLANG_WARN_RANGE_LOOP_ANALYSIS = YES;
				CLANG_WARN_STRICT_PROTOTYPES = YES;
				CLANG_WARN_SUSPICIOUS_MOVE = YES;
				CLANG_WARN_UNGUARDED_AVAILABILITY = YES_AGGRESSIVE;
				CLANG_WARN_UNREACHABLE_CODE = YES;
				CLANG_WARN__DUPLICATE_METHOD_MATCH = YES;
				COPY_PHASE_STRIP = NO;
				DEBUG_INFORMATION_FORMAT = dwarf;
				ENABLE_STRICT_OBJC_MSGSEND = YES;
				ENABLE_TESTABILITY = YES;
				GCC_C_LANGUAGE_STANDARD = gnu11;
				GCC_DYNAMIC_NO_PIC = NO;
				GCC_NO_COMMON_BLOCKS = YES;
				GCC_OPTIMIZATION_LEVEL = 0;
				GCC_PREPROCESSOR_DEFINITIONS = (
					"DEBUG=1",
					"$(inherited)",
				);
				GCC_WARN_64_TO_32_BIT_CONVERSION = YES;
				GCC_WARN_ABOUT_RETURN_TYPE = YES_ERROR;
				GCC_WARN_UNDECLARED_SELECTOR = YES;
				GCC_WARN_UNINITIALIZED_AUTOS = YES_AGGRESSIVE;
				GCC_WARN_UNUSED_FUNCTION = YES;
				GCC_WARN_UNUSED_VARIABLE = YES;
				IPHONEOS_DEPLOYMENT_TARGET = 12.4;
				MTL_ENABLE_DEBUG_INFO = INCLUDE_SOURCE;
				MTL_FAST_MATH = YES;
				ONLY_ACTIVE_ARCH = YES;
				SDKROOT = iphoneos;
				SWIFT_ACTIVE_COMPILATION_CONDITIONS = DEBUG;
				SWIFT_OPTIMIZATION_LEVEL = "-Onone";
			};
			name = Debug;
		};
		34CB4BB023EF098000C37DCA /* Release */ = {
			isa = XCBuildConfiguration;
			buildSettings = {
				ALWAYS_SEARCH_USER_PATHS = NO;
				CLANG_ANALYZER_NONNULL = YES;
				CLANG_ANALYZER_NUMBER_OBJECT_CONVERSION = YES_AGGRESSIVE;
				CLANG_CXX_LANGUAGE_STANDARD = "gnu++14";
				CLANG_CXX_LIBRARY = "libc++";
				CLANG_ENABLE_MODULES = YES;
				CLANG_ENABLE_OBJC_ARC = YES;
				CLANG_ENABLE_OBJC_WEAK = YES;
				CLANG_WARN_BLOCK_CAPTURE_AUTORELEASING = YES;
				CLANG_WARN_BOOL_CONVERSION = YES;
				CLANG_WARN_COMMA = YES;
				CLANG_WARN_CONSTANT_CONVERSION = YES;
				CLANG_WARN_DEPRECATED_OBJC_IMPLEMENTATIONS = YES;
				CLANG_WARN_DIRECT_OBJC_ISA_USAGE = YES_ERROR;
				CLANG_WARN_DOCUMENTATION_COMMENTS = YES;
				CLANG_WARN_EMPTY_BODY = YES;
				CLANG_WARN_ENUM_CONVERSION = YES;
				CLANG_WARN_INFINITE_RECURSION = YES;
				CLANG_WARN_INT_CONVERSION = YES;
				CLANG_WARN_NON_LITERAL_NULL_CONVERSION = YES;
				CLANG_WARN_OBJC_IMPLICIT_RETAIN_SELF = YES;
				CLANG_WARN_OBJC_LITERAL_CONVERSION = YES;
				CLANG_WARN_OBJC_ROOT_CLASS = YES_ERROR;
				CLANG_WARN_RANGE_LOOP_ANALYSIS = YES;
				CLANG_WARN_STRICT_PROTOTYPES = YES;
				CLANG_WARN_SUSPICIOUS_MOVE = YES;
				CLANG_WARN_UNGUARDED_AVAILABILITY = YES_AGGRESSIVE;
				CLANG_WARN_UNREACHABLE_CODE = YES;
				CLANG_WARN__DUPLICATE_METHOD_MATCH = YES;
				COPY_PHASE_STRIP = NO;
				DEBUG_INFORMATION_FORMAT = "dwarf-with-dsym";
				ENABLE_NS_ASSERTIONS = NO;
				ENABLE_STRICT_OBJC_MSGSEND = YES;
				GCC_C_LANGUAGE_STANDARD = gnu11;
				GCC_NO_COMMON_BLOCKS = YES;
				GCC_WARN_64_TO_32_BIT_CONVERSION = YES;
				GCC_WARN_ABOUT_RETURN_TYPE = YES_ERROR;
				GCC_WARN_UNDECLARED_SELECTOR = YES;
				GCC_WARN_UNINITIALIZED_AUTOS = YES_AGGRESSIVE;
				GCC_WARN_UNUSED_FUNCTION = YES;
				GCC_WARN_UNUSED_VARIABLE = YES;
				IPHONEOS_DEPLOYMENT_TARGET = 12.4;
				MTL_ENABLE_DEBUG_INFO = NO;
				MTL_FAST_MATH = YES;
				SDKROOT = iphoneos;
				SWIFT_COMPILATION_MODE = wholemodule;
				SWIFT_OPTIMIZATION_LEVEL = "-O";
				VALIDATE_PRODUCT = YES;
			};
			name = Release;
		};
		34CB4BB223EF098000C37DCA /* Debug */ = {
			isa = XCBuildConfiguration;
			baseConfigurationReference = 9E64CE0D5AAC880E24420C25 /* Pods-WaxNav.debug.xcconfig */;
			buildSettings = {
				ALWAYS_EMBED_SWIFT_STANDARD_LIBRARIES = "$(inherited)";
				ASSETCATALOG_COMPILER_APPICON_NAME = AppIcon;
				CODE_SIGN_STYLE = Automatic;
				CURRENT_PROJECT_VERSION = 1;
				DEBUG_INFORMATION_FORMAT = "dwarf-with-dsym";
				DEVELOPMENT_TEAM = XZMW4PYK4Y;
				INFOPLIST_FILE = WaxNav/Info.plist;
				IPHONEOS_DEPLOYMENT_TARGET = 12.4;
				LD_RUNPATH_SEARCH_PATHS = (
					"$(inherited)",
					"@executable_path/Frameworks",
				);
				MARKETING_VERSION = 1.3;
				PRODUCT_BUNDLE_IDENTIFIER = com.waxcruz.where2look;
				PRODUCT_NAME = Where2Look;
				SWIFT_VERSION = 5.0;
				TARGETED_DEVICE_FAMILY = 1;
			};
			name = Debug;
		};
		34CB4BB323EF098000C37DCA /* Release */ = {
			isa = XCBuildConfiguration;
			baseConfigurationReference = 89A9523114F8A457420B0096 /* Pods-WaxNav.release.xcconfig */;
			buildSettings = {
				ALWAYS_EMBED_SWIFT_STANDARD_LIBRARIES = "$(inherited)";
				ASSETCATALOG_COMPILER_APPICON_NAME = AppIcon;
				CODE_SIGN_STYLE = Automatic;
				CURRENT_PROJECT_VERSION = 1;
				DEVELOPMENT_TEAM = XZMW4PYK4Y;
				INFOPLIST_FILE = WaxNav/Info.plist;
				IPHONEOS_DEPLOYMENT_TARGET = 12.4;
				LD_RUNPATH_SEARCH_PATHS = (
					"$(inherited)",
					"@executable_path/Frameworks",
				);
				MARKETING_VERSION = 1.3;
				PRODUCT_BUNDLE_IDENTIFIER = com.waxcruz.where2look;
				PRODUCT_NAME = Where2Look;
				SWIFT_VERSION = 5.0;
				TARGETED_DEVICE_FAMILY = 1;
			};
			name = Release;
		};
/* End XCBuildConfiguration section */

/* Begin XCConfigurationList section */
		34CB4B8D23EF097D00C37DCA /* Build configuration list for PBXProject "WaxNav" */ = {
			isa = XCConfigurationList;
			buildConfigurations = (
				34CB4BAF23EF098000C37DCA /* Debug */,
				34CB4BB023EF098000C37DCA /* Release */,
			);
			defaultConfigurationIsVisible = 0;
			defaultConfigurationName = Release;
		};
		34CB4BB123EF098000C37DCA /* Build configuration list for PBXNativeTarget "WaxNav" */ = {
			isa = XCConfigurationList;
			buildConfigurations = (
				34CB4BB223EF098000C37DCA /* Debug */,
				34CB4BB323EF098000C37DCA /* Release */,
			);
			defaultConfigurationIsVisible = 0;
			defaultConfigurationName = Release;
		};
/* End XCConfigurationList section */
	};
	rootObject = 34CB4B8A23EF097D00C37DCA /* Project object */;
}
